
Microsoft Visual Studio Solution File, Format Version 12.00
# Visual Studio Version 16
VisualStudioVersion = 16.0.30804.86
MinimumVisualStudioVersion = 10.0.40219.1
Project("{FAE04EC0-301F-11D3-BF4B-00C04F79EFBC}") = "App PC Cleaner", "App PC Cleaner\App PC Cleaner.csproj", "{FF19F9F8-ABB6-4CC5-98C3-F47B946E70F3}"
EndProject
Project("{FAE04EC0-301F-11D3-BF4B-00C04F79EFBC}") = "App Update", "App Update\App Update.csproj", "{736101C8-2842-446A-BC09-BB1321EA3E7E}"
EndProject
Project("{FAE04EC0-301F-11D3-BF4B-00C04F79EFBC}") = "PC Cleaner V2", "PC Cleaner V2\PC Cleaner V2.csproj", "{2B6668BD-2B00-4653-8BC3-D994681D47E2}"
EndProject
Global
	GlobalSection(SolutionConfigurationPlatforms) = preSolution
		Debug|Any CPU = Debug|Any CPU
		Release|Any CPU = Release|Any CPU
	EndGlobalSection
	GlobalSection(ProjectConfigurationPlatforms) = postSolution
		{FF19F9F8-ABB6-4CC5-98C3-F47B946E70F3}.Debug|Any CPU.ActiveCfg = Debug|Any CPU
		{FF19F9F8-ABB6-4CC5-98C3-F47B946E70F3}.Debug|Any CPU.Build.0 = Debug|Any CPU
		{FF19F9F8-ABB6-4CC5-98C3-F47B946E70F3}.Release|Any CPU.ActiveCfg = Release|Any CPU
		{FF19F9F8-ABB6-4CC5-98C3-F47B946E70F3}.Release|Any CPU.Build.0 = Release|Any CPU
		{736101C8-2842-446A-BC09-BB1321EA3E7E}.Debug|Any CPU.ActiveCfg = Debug|Any CPU
		{736101C8-2842-446A-BC09-BB1321EA3E7E}.Debug|Any CPU.Build.0 = Debug|Any CPU
		{736101C8-2842-446A-BC09-BB1321EA3E7E}.Release|Any CPU.ActiveCfg = Release|Any CPU
		{736101C8-2842-446A-BC09-BB1321EA3E7E}.Release|Any CPU.Build.0 = Release|Any CPU
		{2B6668BD-2B00-4653-8BC3-D994681D47E2}.Debug|Any CPU.ActiveCfg = Debug|Any CPU
		{2B6668BD-2B00-4653-8BC3-D994681D47E2}.Debug|Any CPU.Build.0 = Debug|Any CPU
		{2B6668BD-2B00-4653-8BC3-D994681D47E2}.Release|Any CPU.ActiveCfg = Release|Any CPU
		{2B6668BD-2B00-4653-8BC3-D994681D47E2}.Release|Any CPU.Build.0 = Release|Any CPU
	EndGlobalSection
	GlobalSection(SolutionProperties) = preSolution
		HideSolutionNode = FALSE
	EndGlobalSection
	GlobalSection(ExtensibilityGlobals) = postSolution
		SolutionGuid = {4307F0CD-5C5B-4A10-8B33-C06C22BA760E}
	EndGlobalSection
EndGlobal
